
Microsoft Visual Studio Solution File, Format Version 12.00
# Visual Studio Version 17
VisualStudioVersion = 17.10.35122.118
MinimumVisualStudioVersion = 10.0.40219.1
Project("{2150E333-8FDC-42A3-9474-1A3956D46DE8}") = "1. FORM", "1. FORM", "{E29DD7E9-B54A-4880-A37F-CBBC4E57BC8F}"
EndProject
Project("{2150E333-8FDC-42A3-9474-1A3956D46DE8}") = "2. SERVICE", "2. SERVICE", "{1EC72303-DA45-4C2E-9866-CCCD4D04DB6C}"
EndProject
Project("{2150E333-8FDC-42A3-9474-1A3956D46DE8}") = "3. REPOSITORY", "3. REPOSITORY", "{2565415F-C776-474D-B19B-776F52228F00}"
EndProject
Project("{2150E333-8FDC-42A3-9474-1A3956D46DE8}") = "4. CORE", "4. CORE", "{05DEE76F-D39B-4311-B1AC-F97998CF6016}"
EndProject
Project("{9A19103F-16F7-4668-BE54-9A1E7A4F7556}") = "MWarehouse.Contract.Repository", "MWarehouse.Contract.Repository\MWarehouse.Contract.Repository.csproj", "{6612FE5B-51C8-4F82-9CBA-FA5554DD94CE}"
EndProject
Project("{9A19103F-16F7-4668-BE54-9A1E7A4F7556}") = "MWarehouse.Repository", "MWarehouse.Repository\MWarehouse.Repository.csproj", "{5537EB71-798C-4E0B-91AB-A106FD812AE8}"
EndProject
Project("{9A19103F-16F7-4668-BE54-9A1E7A4F7556}") = "MWarehouse.ModelViews", "MWarehouse.ModelViews\MWarehouse.ModelViews.csproj", "{DCE5DB67-C6A8-4260-BC7B-6F417745AE3A}"
EndProject
Project("{9A19103F-16F7-4668-BE54-9A1E7A4F7556}") = "MWarehouse.Contract.Service", "MWarehouse.Contract.Service\MWarehouse.Contract.Service.csproj", "{BD93A4C1-82E8-463F-A488-731DDF838962}"
EndProject
Project("{9A19103F-16F7-4668-BE54-9A1E7A4F7556}") = "MWarehouse.Service", "MWarehouse.Service\MWarehouse.Service.csproj", "{1C7687EE-E5C7-4B12-B4B1-598DEB649FC3}"
EndProject
Project("{9A19103F-16F7-4668-BE54-9A1E7A4F7556}") = "MWarehouse.Core", "MWareHouse.Core\MWarehouse.Core.csproj", "{DFA0E988-F865-402F-B7F2-FA6CD907B07E}"
EndProject
Project("{FAE04EC0-301F-11D3-BF4B-00C04F79EFBC}") = "UI", "UI\UI.csproj", "{5F3B2368-7BF0-4984-987B-96CCBB1A7714}"
EndProject
Global
	GlobalSection(SolutionConfigurationPlatforms) = preSolution
		Debug|Any CPU = Debug|Any CPU
		Debug|x86 = Debug|x86
		Release|Any CPU = Release|Any CPU
		Release|x86 = Release|x86
	EndGlobalSection
	GlobalSection(ProjectConfigurationPlatforms) = postSolution
		{6612FE5B-51C8-4F82-9CBA-FA5554DD94CE}.Debug|Any CPU.ActiveCfg = Debug|Any CPU
		{6612FE5B-51C8-4F82-9CBA-FA5554DD94CE}.Debug|Any CPU.Build.0 = Debug|Any CPU
		{6612FE5B-51C8-4F82-9CBA-FA5554DD94CE}.Debug|x86.ActiveCfg = Debug|Any CPU
		{6612FE5B-51C8-4F82-9CBA-FA5554DD94CE}.Debug|x86.Build.0 = Debug|Any CPU
		{6612FE5B-51C8-4F82-9CBA-FA5554DD94CE}.Release|Any CPU.ActiveCfg = Release|Any CPU
		{6612FE5B-51C8-4F82-9CBA-FA5554DD94CE}.Release|Any CPU.Build.0 = Release|Any CPU
		{6612FE5B-51C8-4F82-9CBA-FA5554DD94CE}.Release|x86.ActiveCfg = Release|Any CPU
		{6612FE5B-51C8-4F82-9CBA-FA5554DD94CE}.Release|x86.Build.0 = Release|Any CPU
		{5537EB71-798C-4E0B-91AB-A106FD812AE8}.Debug|Any CPU.ActiveCfg = Debug|Any CPU
		{5537EB71-798C-4E0B-91AB-A106FD812AE8}.Debug|Any CPU.Build.0 = Debug|Any CPU
		{5537EB71-798C-4E0B-91AB-A106FD812AE8}.Debug|x86.ActiveCfg = Debug|Any CPU
		{5537EB71-798C-4E0B-91AB-A106FD812AE8}.Debug|x86.Build.0 = Debug|Any CPU
		{5537EB71-798C-4E0B-91AB-A106FD812AE8}.Release|Any CPU.ActiveCfg = Release|Any CPU
		{5537EB71-798C-4E0B-91AB-A106FD812AE8}.Release|Any CPU.Build.0 = Release|Any CPU
		{5537EB71-798C-4E0B-91AB-A106FD812AE8}.Release|x86.ActiveCfg = Release|Any CPU
		{5537EB71-798C-4E0B-91AB-A106FD812AE8}.Release|x86.Build.0 = Release|Any CPU
		{DCE5DB67-C6A8-4260-BC7B-6F417745AE3A}.Debug|Any CPU.ActiveCfg = Debug|Any CPU
		{DCE5DB67-C6A8-4260-BC7B-6F417745AE3A}.Debug|Any CPU.Build.0 = Debug|Any CPU
		{DCE5DB67-C6A8-4260-BC7B-6F417745AE3A}.Debug|x86.ActiveCfg = Debug|Any CPU
		{DCE5DB67-C6A8-4260-BC7B-6F417745AE3A}.Debug|x86.Build.0 = Debug|Any CPU
		{DCE5DB67-C6A8-4260-BC7B-6F417745AE3A}.Release|Any CPU.ActiveCfg = Release|Any CPU
		{DCE5DB67-C6A8-4260-BC7B-6F417745AE3A}.Release|Any CPU.Build.0 = Release|Any CPU
		{DCE5DB67-C6A8-4260-BC7B-6F417745AE3A}.Release|x86.ActiveCfg = Release|Any CPU
		{DCE5DB67-C6A8-4260-BC7B-6F417745AE3A}.Release|x86.Build.0 = Release|Any CPU
		{BD93A4C1-82E8-463F-A488-731DDF838962}.Debug|Any CPU.ActiveCfg = Debug|Any CPU
		{BD93A4C1-82E8-463F-A488-731DDF838962}.Debug|Any CPU.Build.0 = Debug|Any CPU
		{BD93A4C1-82E8-463F-A488-731DDF838962}.Debug|x86.ActiveCfg = Debug|Any CPU
		{BD93A4C1-82E8-463F-A488-731DDF838962}.Debug|x86.Build.0 = Debug|Any CPU
		{BD93A4C1-82E8-463F-A488-731DDF838962}.Release|Any CPU.ActiveCfg = Release|Any CPU
		{BD93A4C1-82E8-463F-A488-731DDF838962}.Release|Any CPU.Build.0 = Release|Any CPU
		{BD93A4C1-82E8-463F-A488-731DDF838962}.Release|x86.ActiveCfg = Release|Any CPU
		{BD93A4C1-82E8-463F-A488-731DDF838962}.Release|x86.Build.0 = Release|Any CPU
		{1C7687EE-E5C7-4B12-B4B1-598DEB649FC3}.Debug|Any CPU.ActiveCfg = Debug|Any CPU
		{1C7687EE-E5C7-4B12-B4B1-598DEB649FC3}.Debug|Any CPU.Build.0 = Debug|Any CPU
		{1C7687EE-E5C7-4B12-B4B1-598DEB649FC3}.Debug|x86.ActiveCfg = Debug|Any CPU
		{1C7687EE-E5C7-4B12-B4B1-598DEB649FC3}.Debug|x86.Build.0 = Debug|Any CPU
		{1C7687EE-E5C7-4B12-B4B1-598DEB649FC3}.Release|Any CPU.ActiveCfg = Release|Any CPU
		{1C7687EE-E5C7-4B12-B4B1-598DEB649FC3}.Release|Any CPU.Build.0 = Release|Any CPU
		{1C7687EE-E5C7-4B12-B4B1-598DEB649FC3}.Release|x86.ActiveCfg = Release|Any CPU
		{1C7687EE-E5C7-4B12-B4B1-598DEB649FC3}.Release|x86.Build.0 = Release|Any CPU
		{DFA0E988-F865-402F-B7F2-FA6CD907B07E}.Debug|Any CPU.ActiveCfg = Debug|Any CPU
		{DFA0E988-F865-402F-B7F2-FA6CD907B07E}.Debug|Any CPU.Build.0 = Debug|Any CPU
		{DFA0E988-F865-402F-B7F2-FA6CD907B07E}.Debug|x86.ActiveCfg = Debug|Any CPU
		{DFA0E988-F865-402F-B7F2-FA6CD907B07E}.Debug|x86.Build.0 = Debug|Any CPU
		{DFA0E988-F865-402F-B7F2-FA6CD907B07E}.Release|Any CPU.ActiveCfg = Release|Any CPU
		{DFA0E988-F865-402F-B7F2-FA6CD907B07E}.Release|Any CPU.Build.0 = Release|Any CPU
		{DFA0E988-F865-402F-B7F2-FA6CD907B07E}.Release|x86.ActiveCfg = Release|Any CPU
		{DFA0E988-F865-402F-B7F2-FA6CD907B07E}.Release|x86.Build.0 = Release|Any CPU
		{5F3B2368-7BF0-4984-987B-96CCBB1A7714}.Debug|Any CPU.ActiveCfg = Debug|Any CPU
		{5F3B2368-7BF0-4984-987B-96CCBB1A7714}.Debug|Any CPU.Build.0 = Debug|Any CPU
		{5F3B2368-7BF0-4984-987B-96CCBB1A7714}.Debug|x86.ActiveCfg = Debug|Any CPU
		{5F3B2368-7BF0-4984-987B-96CCBB1A7714}.Debug|x86.Build.0 = Debug|Any CPU
		{5F3B2368-7BF0-4984-987B-96CCBB1A7714}.Release|Any CPU.ActiveCfg = Release|Any CPU
		{5F3B2368-7BF0-4984-987B-96CCBB1A7714}.Release|Any CPU.Build.0 = Release|Any CPU
		{5F3B2368-7BF0-4984-987B-96CCBB1A7714}.Release|x86.ActiveCfg = Release|Any CPU
		{5F3B2368-7BF0-4984-987B-96CCBB1A7714}.Release|x86.Build.0 = Release|Any CPU
	EndGlobalSection
	GlobalSection(SolutionProperties) = preSolution
		HideSolutionNode = FALSE
	EndGlobalSection
	GlobalSection(NestedProjects) = preSolution
		{6612FE5B-51C8-4F82-9CBA-FA5554DD94CE} = {2565415F-C776-474D-B19B-776F52228F00}
		{5537EB71-798C-4E0B-91AB-A106FD812AE8} = {2565415F-C776-474D-B19B-776F52228F00}
		{DCE5DB67-C6A8-4260-BC7B-6F417745AE3A} = {2565415F-C776-474D-B19B-776F52228F00}
		{BD93A4C1-82E8-463F-A488-731DDF838962} = {1EC72303-DA45-4C2E-9866-CCCD4D04DB6C}
		{1C7687EE-E5C7-4B12-B4B1-598DEB649FC3} = {1EC72303-DA45-4C2E-9866-CCCD4D04DB6C}
		{DFA0E988-F865-402F-B7F2-FA6CD907B07E} = {05DEE76F-D39B-4311-B1AC-F97998CF6016}
		{5F3B2368-7BF0-4984-987B-96CCBB1A7714} = {E29DD7E9-B54A-4880-A37F-CBBC4E57BC8F}
	EndGlobalSection
	GlobalSection(ExtensibilityGlobals) = postSolution
		SolutionGuid = {04F1D463-1C98-4647-B8C1-4F3E1F700A2B}
	EndGlobalSection
EndGlobal
